
Microsoft Visual Studio Solution File, Format Version 12.00
# Visual Studio Version 17
VisualStudioVersion = 17.9.34728.123
MinimumVisualStudioVersion = 10.0.40219.1
Project("{9A19103F-16F7-4668-BE54-9A1E7A4F7556}") = "ThreadDataGenerator", "ThreadDataGenerator\ThreadDataGenerator.csproj", "{8F253EF1-56D9-4495-9CA6-EDC04E136227}"
EndProject
Project("{FAE04EC0-301F-11D3-BF4B-00C04F79EFBC}") = "ThreadDataGeneratorTests", "ThreadDataGeneratorTests\ThreadDataGeneratorTests.csproj", "{E11B2CA9-BDA6-4816-B639-AAEC0209D644}"
EndProject
Global
	GlobalSection(SolutionConfigurationPlatforms) = preSolution
		Debug|Any CPU = Debug|Any CPU
		Release|Any CPU = Release|Any CPU
	EndGlobalSection
	GlobalSection(ProjectConfigurationPlatforms) = postSolution
		{8F253EF1-56D9-4495-9CA6-EDC04E136227}.Debug|Any CPU.ActiveCfg = Debug|Any CPU
		{8F253EF1-56D9-4495-9CA6-EDC04E136227}.Debug|Any CPU.Build.0 = Debug|Any CPU
		{8F253EF1-56D9-4495-9CA6-EDC04E136227}.Release|Any CPU.ActiveCfg = Release|Any CPU
		{8F253EF1-56D9-4495-9CA6-EDC04E136227}.Release|Any CPU.Build.0 = Release|Any CPU
		{E11B2CA9-BDA6-4816-B639-AAEC0209D644}.Debug|Any CPU.ActiveCfg = Debug|Any CPU
		{E11B2CA9-BDA6-4816-B639-AAEC0209D644}.Debug|Any CPU.Build.0 = Debug|Any CPU
		{E11B2CA9-BDA6-4816-B639-AAEC0209D644}.Release|Any CPU.ActiveCfg = Release|Any CPU
		{E11B2CA9-BDA6-4816-B639-AAEC0209D644}.Release|Any CPU.Build.0 = Release|Any CPU
	EndGlobalSection
	GlobalSection(SolutionProperties) = preSolution
		HideSolutionNode = FALSE
	EndGlobalSection
	GlobalSection(ExtensibilityGlobals) = postSolution
		SolutionGuid = {C04F7A27-C954-4F89-B01C-9EEA7CECC13E}
	EndGlobalSection
EndGlobal
